# This file is generated by running "yarn install" inside your project.
# Manual changes might be lost - proceed with caution!

__metadata:
  version: 8
  cacheKey: 10

"@apidevtools/json-schema-ref-parser@npm:^9.0.6":
  version: 9.0.7
  resolution: "@apidevtools/json-schema-ref-parser@npm:9.0.7"
  dependencies:
    "@jsdevtools/ono": "npm:^7.1.3"
    call-me-maybe: "npm:^1.0.1"
    js-yaml: "npm:^3.13.1"
  checksum: 10/b10aa52703f1a6b249b87b64c097fc0d53c9e0fe8b7c7181ad8097cde2cf02557b2f4e189b7ef42e30817675bba78f37b7b29c2262c70c36157ea2cdf434256c
  languageName: node
  linkType: hard

"@apidevtools/openapi-schemas@npm:^2.0.4":
  version: 2.0.4
  resolution: "@apidevtools/openapi-schemas@npm:2.0.4"
  checksum: 10/674de21f1d3dd52ca32b220886cd7d621d0203d0302a586fac757ea0566d15140d834d128a6d681b342e29949e574020378ef50cd22686723f1aea4a7ee08604
  languageName: node
  linkType: hard

"@apidevtools/swagger-cli@npm:^4.0.4":
  version: 4.0.4
  resolution: "@apidevtools/swagger-cli@npm:4.0.4"
  dependencies:
    "@apidevtools/swagger-parser": "npm:^10.0.1"
    chalk: "npm:^4.1.0"
    js-yaml: "npm:^3.14.0"
    yargs: "npm:^15.4.1"
  bin:
    swagger-cli: bin/swagger-cli.js
  checksum: 10/7dd8cfd996a445052ba7d316ffa7b46343a9d463b7342e1511ddd5f547f34a6135a6a0dfb94d0bab6b0d561eb6c7795131acc61c7d058046b5f47d1431ab4677
  languageName: node
  linkType: hard

"@apidevtools/swagger-methods@npm:^3.0.2":
  version: 3.0.2
  resolution: "@apidevtools/swagger-methods@npm:3.0.2"
  checksum: 10/d06b1ac5c1956613c4c6be695612ef860cd4e962b93a509ca551735a328a856cae1e33399cac1dcbf8333ba22b231746f3586074769ef0e172cf549ec9e7eaae
  languageName: node
  linkType: hard

"@apidevtools/swagger-parser@npm:^10.0.1":
  version: 10.0.2
  resolution: "@apidevtools/swagger-parser@npm:10.0.2"
  dependencies:
    "@apidevtools/json-schema-ref-parser": "npm:^9.0.6"
    "@apidevtools/openapi-schemas": "npm:^2.0.4"
    "@apidevtools/swagger-methods": "npm:^3.0.2"
    "@jsdevtools/ono": "npm:^7.1.3"
    call-me-maybe: "npm:^1.0.1"
    z-schema: "npm:^4.2.3"
  peerDependencies:
    openapi-types: ">=7"
  checksum: 10/0913a6676b638f03f72bdfed6f4c7347d88e67a505620195324db2e6355e346464589a851ed22ede85ae09d7831bf8001d7d13a09df8fc09957bcfde027e59bb
  languageName: node
  linkType: hard

"@jsdevtools/ono@npm:^7.1.3":
  version: 7.1.3
  resolution: "@jsdevtools/ono@npm:7.1.3"
  checksum: 10/d4a036ccb9d2b21b7e4cec077c59a5a83fad58adacbce89e7e6b77a703050481ff5b6d813aef7f5ff0a8347a85a0eedf599e2e6bb5784a971a93e53e43b10157
  languageName: node
  linkType: hard

"@lukeed/csprng@npm:^1.0.0":
  version: 1.0.1
  resolution: "@lukeed/csprng@npm:1.0.1"
  checksum: 10/fd84d6832775052d6bff3e78b0bc7f4b29b2fafa71b04826b0713f55d9a447a0b273d4eb70d02d89bb879e9d768cd9716da818dafa32ba6f7ecb639cbdc6806d
  languageName: node
  linkType: hard

"@nestjs/axios@npm:0.1.0":
  version: 0.1.0
  resolution: "@nestjs/axios@npm:0.1.0"
  dependencies:
    axios: "npm:0.27.2"
  peerDependencies:
    "@nestjs/common": ^7.0.0 || ^8.0.0 || ^9.0.0
    reflect-metadata: ^0.1.12
    rxjs: ^6.0.0 || ^7.0.0
  checksum: 10/e524d365b2ad3229caa2166b5cea4a9dac899971ca729a36234b7301173acecd8c0fbad9bc4b2010d41f5155f1f24869b22a5782977c6aeeaa6f04d681531ec4
  languageName: node
  linkType: hard

"@nestjs/common@npm:9.3.11":
  version: 9.3.11
  resolution: "@nestjs/common@npm:9.3.11"
  dependencies:
    iterare: "npm:1.2.1"
    tslib: "npm:2.5.0"
    uid: "npm:2.0.1"
  peerDependencies:
    cache-manager: <=5
    class-transformer: "*"
    class-validator: "*"
    reflect-metadata: ^0.1.12
    rxjs: ^7.1.0
  peerDependenciesMeta:
    cache-manager:
      optional: true
    class-transformer:
      optional: true
    class-validator:
      optional: true
  checksum: 10/0c315c81368a65da8d6131e4f2be8843b0c64df0c01ecc29fddc22d5709c16816ef7f49d3e3ee26364c1eb799f2b8007c934571a618762b2fba2046a584a88ee
  languageName: node
  linkType: hard

"@nestjs/core@npm:9.3.11":
  version: 9.3.11
  resolution: "@nestjs/core@npm:9.3.11"
  dependencies:
    "@nuxtjs/opencollective": "npm:0.3.2"
    fast-safe-stringify: "npm:2.1.1"
    iterare: "npm:1.2.1"
    path-to-regexp: "npm:3.2.0"
    tslib: "npm:2.5.0"
    uid: "npm:2.0.1"
  peerDependencies:
    "@nestjs/common": ^9.0.0
    "@nestjs/microservices": ^9.0.0
    "@nestjs/platform-express": ^9.0.0
    "@nestjs/websockets": ^9.0.0
    reflect-metadata: ^0.1.12
    rxjs: ^7.1.0
  peerDependenciesMeta:
    "@nestjs/microservices":
      optional: true
    "@nestjs/platform-express":
      optional: true
    "@nestjs/websockets":
      optional: true
  checksum: 10/25ebc6220915d4fa0adc1b7e8edaf03f95bb9877335ac298bd01af75dd1014292d64e5e29773e4e4fa5daac3cba4fdaeb964759f66633b97816cba515e48b6f9
  languageName: node
  linkType: hard

"@nuxtjs/opencollective@npm:0.3.2":
  version: 0.3.2
  resolution: "@nuxtjs/opencollective@npm:0.3.2"
  dependencies:
    chalk: "npm:^4.1.0"
    consola: "npm:^2.15.0"
    node-fetch: "npm:^2.6.1"
  bin:
    opencollective: bin/opencollective.js
  checksum: 10/0512871f424a2eae41e9385671ac840f28e8508a209df68c363cc97e009b95a6fd4bdfa2a34c9df78a74fa36d7e171e28792cd11da0b2be28c20ee1806b3ea5e
  languageName: node
  linkType: hard

"@openapitools/openapi-generator-cli@npm:^2.7.0":
  version: 2.7.0
  resolution: "@openapitools/openapi-generator-cli@npm:2.7.0"
  dependencies:
    "@nestjs/axios": "npm:0.1.0"
    "@nestjs/common": "npm:9.3.11"
    "@nestjs/core": "npm:9.3.11"
    "@nuxtjs/opencollective": "npm:0.3.2"
    chalk: "npm:4.1.2"
    commander: "npm:8.3.0"
    compare-versions: "npm:4.1.4"
    concurrently: "npm:6.5.1"
    console.table: "npm:0.10.0"
    fs-extra: "npm:10.1.0"
    glob: "npm:7.1.6"
    inquirer: "npm:8.2.5"
    lodash: "npm:4.17.21"
    reflect-metadata: "npm:0.1.13"
    rxjs: "npm:7.8.0"
    tslib: "npm:2.0.3"
  bin:
    openapi-generator-cli: main.js
  checksum: 10/4081b31e519c6714c98bdf3c9b1013bce8ce2074b17c1ed362a9ac1ab7ce44be99b238224cbb61a80160fa4e4e087171eef7b3e5182cb44e6b3145ce7a88334e
  languageName: node
  linkType: hard

"ansi-escapes@npm:^4.2.1":
  version: 4.3.1
  resolution: "ansi-escapes@npm:4.3.1"
  dependencies:
    type-fest: "npm:^0.11.0"
  checksum: 10/964adff8777113109cc08e2e053af948a49137c52e86e427dc3cbfb515d0363763a731b96a0ef573531db3f788e1b45322d3cf13a7f4db9029a0f5ba17e9a14a
  languageName: node
  linkType: hard

"ansi-regex@npm:^5.0.0":
  version: 5.0.1
  resolution: "ansi-regex@npm:5.0.1"
  checksum: 10/2aa4bb54caf2d622f1afdad09441695af2a83aa3fe8b8afa581d205e57ed4261c183c4d3877cee25794443fde5876417d859c108078ab788d6af7e4fe52eb66b
  languageName: node
  linkType: hard

"ansi-styles@npm:^4.0.0, ansi-styles@npm:^4.1.0":
  version: 4.3.0
  resolution: "ansi-styles@npm:4.3.0"
  dependencies:
    color-convert: "npm:^2.0.1"
  checksum: 10/b4494dfbfc7e4591b4711a396bd27e540f8153914123dccb4cdbbcb514015ada63a3809f362b9d8d4f6b17a706f1d7bea3c6f974b15fa5ae76b5b502070889ff
  languageName: node
  linkType: hard

"argparse@npm:^1.0.7":
  version: 1.0.10
  resolution: "argparse@npm:1.0.10"
  dependencies:
    sprintf-js: "npm:~1.0.2"
  checksum: 10/c6a621343a553ff3779390bb5ee9c2263d6643ebcd7843227bdde6cc7adbed796eb5540ca98db19e3fd7b4714e1faa51551f8849b268bb62df27ddb15cbcd91e
  languageName: node
  linkType: hard

"asynckit@npm:^0.4.0":
  version: 0.4.0
  resolution: "asynckit@npm:0.4.0"
  checksum: 10/3ce727cbc78f69d6a4722517a58ee926c8c21083633b1d3fdf66fd688f6c127a53a592141bd4866f9b63240a86e9d8e974b13919450bd17fa33c2d22c4558ad8
  languageName: node
  linkType: hard

"axios@npm:0.27.2":
  version: 0.27.2
  resolution: "axios@npm:0.27.2"
  dependencies:
    follow-redirects: "npm:^1.14.9"
    form-data: "npm:^4.0.0"
  checksum: 10/2efaf18dd0805f7bc772882bc86f004abd92d51007b54c5081f74db0d08ce3593e2c010261896d25a14318eeaa2e966fd825e34f810e8a3339dc64b9d177cf70
  languageName: node
  linkType: hard

"balanced-match@npm:^1.0.0":
  version: 1.0.0
  resolution: "balanced-match@npm:1.0.0"
  checksum: 10/9b67bfe558772f40cf743a3469b48b286aecec2ea9fe80c48d74845e53aab1cef524fafedf123a63019b49ac397760573ef5f173f539423061f7217cbb5fbd40
  languageName: node
  linkType: hard

"base64-js@npm:^1.3.1":
  version: 1.5.1
  resolution: "base64-js@npm:1.5.1"
  checksum: 10/669632eb3745404c2f822a18fc3a0122d2f9a7a13f7fb8b5823ee19d1d2ff9ee5b52c53367176ea4ad093c332fd5ab4bd0ebae5a8e27917a4105a4cfc86b1005
  languageName: node
  linkType: hard

"bl@npm:^4.1.0":
  version: 4.1.0
  resolution: "bl@npm:4.1.0"
  dependencies:
    buffer: "npm:^5.5.0"
    inherits: "npm:^2.0.4"
    readable-stream: "npm:^3.4.0"
  checksum: 10/b7904e66ed0bdfc813c06ea6c3e35eafecb104369dbf5356d0f416af90c1546de3b74e5b63506f0629acf5e16a6f87c3798f16233dcff086e9129383aa02ab55
  languageName: node
  linkType: hard

"brace-expansion@npm:^1.1.7":
  version: 1.1.11
  resolution: "brace-expansion@npm:1.1.11"
  dependencies:
    balanced-match: "npm:^1.0.0"
    concat-map: "npm:0.0.1"
  checksum: 10/faf34a7bb0c3fcf4b59c7808bc5d2a96a40988addf2e7e09dfbb67a2251800e0d14cd2bfc1aa79174f2f5095c54ff27f46fb1289fe2d77dac755b5eb3434cc07
  languageName: node
  linkType: hard

"buffer@npm:^5.5.0":
  version: 5.7.1
  resolution: "buffer@npm:5.7.1"
  dependencies:
    base64-js: "npm:^1.3.1"
    ieee754: "npm:^1.1.13"
  checksum: 10/997434d3c6e3b39e0be479a80288875f71cd1c07d75a3855e6f08ef848a3c966023f79534e22e415ff3a5112708ce06127277ab20e527146d55c84566405c7c6
  languageName: node
  linkType: hard

"call-me-maybe@npm:^1.0.1":
  version: 1.0.1
  resolution: "call-me-maybe@npm:1.0.1"
  checksum: 10/9a965479202df1ea9d76abfdd8d43a8f85dfb85124763b5997ccfeabee2ee7f7e4fc88259b0ad05799bde79f4873efb9855da6d8bb2972a831f8a3d1c67acc06
  languageName: node
  linkType: hard

"camelcase@npm:^5.0.0":
  version: 5.3.1
  resolution: "camelcase@npm:5.3.1"
  checksum: 10/e6effce26b9404e3c0f301498184f243811c30dfe6d0b9051863bd8e4034d09c8c2923794f280d6827e5aa055f6c434115ff97864a16a963366fb35fd673024b
  languageName: node
  linkType: hard

"chalk@npm:4.1.2":
  version: 4.1.2
  resolution: "chalk@npm:4.1.2"
  dependencies:
    ansi-styles: "npm:^4.1.0"
    supports-color: "npm:^7.1.0"
  checksum: 10/cb3f3e594913d63b1814d7ca7c9bafbf895f75fbf93b92991980610dfd7b48500af4e3a5d4e3a8f337990a96b168d7eb84ee55efdce965e2ee8efc20f8c8f139
  languageName: node
  linkType: hard

"chalk@npm:^4.1.0":
  version: 4.1.0
  resolution: "chalk@npm:4.1.0"
  dependencies:
    ansi-styles: "npm:^4.1.0"
    supports-color: "npm:^7.1.0"
  checksum: 10/e8d2b9b9abe5aee78caae44e2fd86ade56e440df5822006d702ce18771c00418b6f2c0eb294093d5486b852c83f021e409205d0ee07095fb14f5c8f9db9e7f80
  languageName: node
  linkType: hard

"chalk@npm:^4.1.1":
  version: 4.1.1
  resolution: "chalk@npm:4.1.1"
  dependencies:
    ansi-styles: "npm:^4.1.0"
    supports-color: "npm:^7.1.0"
  checksum: 10/ae5031f4963fe47cd924a3b01fbdefba248b9f0be5444c0d843a591a229b1c8ee278b9b2dd87e788dcd6ab3395618262cbd05197fcc92175637c39b3257767fc
  languageName: node
  linkType: hard

"chardet@npm:^0.7.0":
  version: 0.7.0
  resolution: "chardet@npm:0.7.0"
  checksum: 10/b0ec668fba5eeec575ed2559a0917ba41a6481f49063c8445400e476754e0957ee09e44dc032310f526182b8f1bf25e9d4ed371f74050af7be1383e06bc44952
  languageName: node
  linkType: hard

"cli-cursor@npm:^3.1.0":
  version: 3.1.0
  resolution: "cli-cursor@npm:3.1.0"
  dependencies:
    restore-cursor: "npm:^3.1.0"
  checksum: 10/2692784c6cd2fd85cfdbd11f53aea73a463a6d64a77c3e098b2b4697a20443f430c220629e1ca3b195ea5ac4a97a74c2ee411f3807abf6df2b66211fec0c0a29
  languageName: node
  linkType: hard

"cli-spinners@npm:^2.5.0":
  version: 2.6.0
  resolution: "cli-spinners@npm:2.6.0"
  checksum: 10/1079f3c8fc368cebb165288591f1c2d6e76253c697496bfdfe7c9233a2aaa48be95d318e6402dcae9236ebdc326901ec39ce403d02e178ab40800a131139d54f
  languageName: node
  linkType: hard

"cli-width@npm:^3.0.0":
  version: 3.0.0
  resolution: "cli-width@npm:3.0.0"
  checksum: 10/8730848b04fb189666ab037a35888d191c8f05b630b1d770b0b0e4c920b47bb5cc14bddf6b8ffe5bfc66cee97c8211d4d18e756c1ffcc75d7dbe7e1186cd7826
  languageName: node
  linkType: hard

"cliui@npm:^6.0.0":
  version: 6.0.0
  resolution: "cliui@npm:6.0.0"
  dependencies:
    string-width: "npm:^4.2.0"
    strip-ansi: "npm:^6.0.0"
    wrap-ansi: "npm:^6.2.0"
  checksum: 10/44afbcc29df0899e87595590792a871cd8c4bc7d6ce92832d9ae268d141a77022adafca1aeaeccff618b62a613b8354e57fe22a275c199ec04baf00d381ef6ab
  languageName: node
  linkType: hard

"cliui@npm:^7.0.2":
  version: 7.0.4
  resolution: "cliui@npm:7.0.4"
  dependencies:
    string-width: "npm:^4.2.0"
    strip-ansi: "npm:^6.0.0"
    wrap-ansi: "npm:^7.0.0"
  checksum: 10/db858c49af9d59a32d603987e6fddaca2ce716cd4602ba5a2bb3a5af1351eebe82aba8dff3ef3e1b331f7fa9d40ca66e67bdf8e7c327ce0ea959747ead65c0ef
  languageName: node
  linkType: hard

"clone@npm:^1.0.2":
  version: 1.0.4
  resolution: "clone@npm:1.0.4"
  checksum: 10/d06418b7335897209e77bdd430d04f882189582e67bd1f75a04565f3f07f5b3f119a9d670c943b6697d0afb100f03b866b3b8a1f91d4d02d72c4ecf2bb64b5dd
  languageName: node
  linkType: hard

"color-convert@npm:^2.0.1":
  version: 2.0.1
  resolution: "color-convert@npm:2.0.1"
  dependencies:
    color-name: "npm:~1.1.4"
  checksum: 10/fa00c91b4332b294de06b443923246bccebe9fab1b253f7fe1772d37b06a2269b4039a85e309abe1fe11b267b11c08d1d0473fda3badd6167f57313af2887a64
  languageName: node
  linkType: hard

"color-name@npm:~1.1.4":
  version: 1.1.4
  resolution: "color-name@npm:1.1.4"
  checksum: 10/b0445859521eb4021cd0fb0cc1a75cecf67fceecae89b63f62b201cca8d345baf8b952c966862a9d9a2632987d4f6581f0ec8d957dfacece86f0a7919316f610
  languageName: node
  linkType: hard

"combined-stream@npm:^1.0.8":
  version: 1.0.8
  resolution: "combined-stream@npm:1.0.8"
  dependencies:
    delayed-stream: "npm:~1.0.0"
  checksum: 10/2e969e637d05d09fa50b02d74c83a1186f6914aae89e6653b62595cc75a221464f884f55f231b8f4df7a49537fba60bdc0427acd2bf324c09a1dbb84837e36e4
  languageName: node
  linkType: hard

"commander@npm:8.3.0":
  version: 8.3.0
  resolution: "commander@npm:8.3.0"
  checksum: 10/6b7b5d334483ce24bd73c5dac2eab901a7dbb25fd983ea24a1eeac6e7166bb1967f641546e8abf1920afbde86a45fbfe5812fbc69d0dc451bb45ca416a12a3a3
  languageName: node
  linkType: hard

"commander@npm:^2.7.1":
  version: 2.20.3
  resolution: "commander@npm:2.20.3"
  checksum: 10/90c5b6898610cd075984c58c4f88418a4fb44af08c1b1415e9854c03171bec31b336b7f3e4cefe33de994b3f12b03c5e2d638da4316df83593b9e82554e7e95b
  languageName: node
  linkType: hard

"compare-versions@npm:4.1.4":
  version: 4.1.4
  resolution: "compare-versions@npm:4.1.4"
  checksum: 10/0c4f0d943477b824234f5c6600ea7404a86ef506c696b9d91ee67979bd32c08371a8b6532cc17e6e17cf2916e46ef16d499dce70245a4f6786c3c055afcea697
  languageName: node
  linkType: hard

"concat-map@npm:0.0.1":
  version: 0.0.1
  resolution: "concat-map@npm:0.0.1"
  checksum: 10/9680699c8e2b3af0ae22592cb764acaf973f292a7b71b8a06720233011853a58e256c89216a10cbe889727532fd77f8bcd49a760cedfde271b8e006c20e079f2
  languageName: node
  linkType: hard

"concurrently@npm:6.5.1":
  version: 6.5.1
  resolution: "concurrently@npm:6.5.1"
  dependencies:
    chalk: "npm:^4.1.0"
    date-fns: "npm:^2.16.1"
    lodash: "npm:^4.17.21"
    rxjs: "npm:^6.6.3"
    spawn-command: "npm:^0.0.2-1"
    supports-color: "npm:^8.1.0"
    tree-kill: "npm:^1.2.2"
    yargs: "npm:^16.2.0"
  bin:
    concurrently: bin/concurrently.js
  checksum: 10/9ea52a75547418b64fd9d6a956f2f6ffc5b5262d99958b258dce4403b041e81dc79ae09dd9edeb4ba81df1fd6bf62d73e779b8a23c1a76e5464b151830bd92d8
  languageName: node
  linkType: hard

"consola@npm:^2.15.0":
  version: 2.15.3
  resolution: "consola@npm:2.15.3"
  checksum: 10/ba5b3c6960b2eafb9d2ff2325444dd1d4eb53115df46eba823a4e7bfe6afbba0eb34747c0de82c7cd8a939db59b0cb5a8b8a54a94bb2e44feeddc26cefde3622
  languageName: node
  linkType: hard

"console.table@npm:0.10.0":
  version: 0.10.0
  resolution: "console.table@npm:0.10.0"
  dependencies:
    easy-table: "npm:1.1.0"
  checksum: 10/bd7d1d1507c60e4d0fdfe5d94d18a6dac2d7929a216f9e3cece26fef7ee38bdc40ad96844547b0a16d978e7c410bb9f6acda249a71038e33be16160ce948121b
  languageName: node
  linkType: hard

"date-fns@npm:^2.16.1":
  version: 2.22.1
  resolution: "date-fns@npm:2.22.1"
  checksum: 10/705a6d03720f0ba18395a108376ed1d09ec6b3cb25fc2e8bfd6591b6b2e0e668b66b62d7cc53903bafb16a390b1ce9c86523f225ed341a94ef73b45e54dee7c9
  languageName: node
  linkType: hard

"decamelize@npm:^1.2.0":
  version: 1.2.0
  resolution: "decamelize@npm:1.2.0"
  checksum: 10/ad8c51a7e7e0720c70ec2eeb1163b66da03e7616d7b98c9ef43cce2416395e84c1e9548dd94f5f6ffecfee9f8b94251fc57121a8b021f2ff2469b2bae247b8aa
  languageName: node
  linkType: hard

"defaults@npm:^1.0.3":
  version: 1.0.3
  resolution: "defaults@npm:1.0.3"
  dependencies:
    clone: "npm:^1.0.2"
  checksum: 10/96e2112da6553d376afd5265ea7cbdb2a3b45535965d71ab8bb1da10c8126d168fdd5268799625324b368356d21ba2a7b3d4ec50961f11a47b7feb9de3d4413e
  languageName: node
  linkType: hard

"delayed-stream@npm:~1.0.0":
  version: 1.0.0
  resolution: "delayed-stream@npm:1.0.0"
  checksum: 10/46fe6e83e2cb1d85ba50bd52803c68be9bd953282fa7096f51fc29edd5d67ff84ff753c51966061e5ba7cb5e47ef6d36a91924eddb7f3f3483b1c560f77a0020
  languageName: node
  linkType: hard

"easy-table@npm:1.1.0":
  version: 1.1.0
  resolution: "easy-table@npm:1.1.0"
  dependencies:
    wcwidth: "npm:>=1.0.1"
  dependenciesMeta:
    wcwidth:
      optional: true
  checksum: 10/f01fde1162c41ad770e0067c6a732d9bad9edf542d79306ed08509e4f829dd9b18e98b7e25b065ea7e5e5de67f4ff3a4331e3f8c384b17b82c4869b58bb81307
  languageName: node
  linkType: hard

"emoji-regex@npm:^8.0.0":
  version: 8.0.0
  resolution: "emoji-regex@npm:8.0.0"
  checksum: 10/c72d67a6821be15ec11997877c437491c313d924306b8da5d87d2a2bcc2cec9903cb5b04ee1a088460501d8e5b44f10df82fdc93c444101a7610b80c8b6938e1
  languageName: node
  linkType: hard

"escalade@npm:^3.1.1":
  version: 3.1.1
  resolution: "escalade@npm:3.1.1"
  checksum: 10/afa618e73362576b63f6ca83c975456621095a1ed42ff068174e3f5cea48afc422814dda548c96e6ebb5333e7265140c7292abcc81bbd6ccb1757d50d3a4e182
  languageName: node
  linkType: hard

"escape-string-regexp@npm:^1.0.5":
  version: 1.0.5
  resolution: "escape-string-regexp@npm:1.0.5"
  checksum: 10/6092fda75c63b110c706b6a9bfde8a612ad595b628f0bd2147eea1d3406723020810e591effc7db1da91d80a71a737a313567c5abb3813e8d9c71f4aa595b410
  languageName: node
  linkType: hard

"esprima@npm:^4.0.0":
  version: 4.0.1
  resolution: "esprima@npm:4.0.1"
  bin:
    esparse: ./bin/esparse.js
    esvalidate: ./bin/esvalidate.js
  checksum: 10/f1d3c622ad992421362294f7acf866aa9409fbad4eb2e8fa230bd33944ce371d32279667b242d8b8907ec2b6ad7353a717f3c0e60e748873a34a7905174bc0eb
  languageName: node
  linkType: hard

"external-editor@npm:^3.0.3":
  version: 3.1.0
  resolution: "external-editor@npm:3.1.0"
  dependencies:
    chardet: "npm:^0.7.0"
    iconv-lite: "npm:^0.4.24"
    tmp: "npm:^0.0.33"
  checksum: 10/776dff1d64a1d28f77ff93e9e75421a81c062983fd1544279d0a32f563c0b18c52abbb211f31262e2827e48edef5c9dc8f960d06dd2d42d1654443b88568056b
  languageName: node
  linkType: hard

"fast-safe-stringify@npm:2.1.1":
  version: 2.1.1
  resolution: "fast-safe-stringify@npm:2.1.1"
  checksum: 10/dc1f063c2c6ac9533aee14d406441f86783a8984b2ca09b19c2fe281f9ff59d315298bc7bc22fd1f83d26fe19ef2f20e2ddb68e96b15040292e555c5ced0c1e4
  languageName: node
  linkType: hard

"figures@npm:^3.0.0":
  version: 3.2.0
  resolution: "figures@npm:3.2.0"
  dependencies:
    escape-string-regexp: "npm:^1.0.5"
  checksum: 10/a3bf94e001be51d3770500789157f067218d4bc681a65e1f69d482de15120bcac822dceb1a7b3803f32e4e3a61a46df44f7f2c8ba95d6375e7491502e0dd3d97
  languageName: node
  linkType: hard

"find-up@npm:^4.1.0":
  version: 4.1.0
  resolution: "find-up@npm:4.1.0"
  dependencies:
    locate-path: "npm:^5.0.0"
    path-exists: "npm:^4.0.0"
  checksum: 10/4c172680e8f8c1f78839486e14a43ef82e9decd0e74145f40707cc42e7420506d5ec92d9a11c22bd2c48fb0c384ea05dd30e10dd152fefeec6f2f75282a8b844
  languageName: node
  linkType: hard

"follow-redirects@npm:^1.14.9":
  version: 1.15.2
  resolution: "follow-redirects@npm:1.15.2"
  peerDependenciesMeta:
    debug:
      optional: true
  checksum: 10/8be0d39919770054812537d376850ccde0b4762b0501c440bd08724971a078123b55f57704f2984e0664fecc0c86adea85add63295804d9dce401cd9604c91d3
  languageName: node
  linkType: hard

"form-data@npm:^4.0.0":
  version: 4.0.0
  resolution: "form-data@npm:4.0.0"
  dependencies:
    asynckit: "npm:^0.4.0"
    combined-stream: "npm:^1.0.8"
    mime-types: "npm:^2.1.12"
  checksum: 10/7264aa760a8cf09482816d8300f1b6e2423de1b02bba612a136857413fdc96d7178298ced106817655facc6b89036c6e12ae31c9eb5bdc16aabf502ae8a5d805
  languageName: node
  linkType: hard

"fs-extra@npm:10.1.0":
  version: 10.1.0
  resolution: "fs-extra@npm:10.1.0"
  dependencies:
    graceful-fs: "npm:^4.2.0"
    jsonfile: "npm:^6.0.1"
    universalify: "npm:^2.0.0"
  checksum: 10/05ce2c3b59049bcb7b52001acd000e44b3c4af4ec1f8839f383ef41ec0048e3cfa7fd8a637b1bddfefad319145db89be91f4b7c1db2908205d38bf91e7d1d3b7
  languageName: node
  linkType: hard

"fs.realpath@npm:^1.0.0":
  version: 1.0.0
  resolution: "fs.realpath@npm:1.0.0"
  checksum: 10/e703107c28e362d8d7b910bbcbfd371e640a3bb45ae157a362b5952c0030c0b6d4981140ec319b347bce7adc025dd7813da1ff908a945ac214d64f5402a51b96
  languageName: node
  linkType: hard

"get-caller-file@npm:^2.0.1, get-caller-file@npm:^2.0.5":
  version: 2.0.5
  resolution: "get-caller-file@npm:2.0.5"
  checksum: 10/b9769a836d2a98c3ee734a88ba712e62703f1df31b94b784762c433c27a386dd6029ff55c2a920c392e33657d80191edbf18c61487e198844844516f843496b9
  languageName: node
  linkType: hard

"glob@npm:7.1.6":
  version: 7.1.6
  resolution: "glob@npm:7.1.6"
  dependencies:
    fs.realpath: "npm:^1.0.0"
    inflight: "npm:^1.0.4"
    inherits: "npm:2"
    minimatch: "npm:^3.0.4"
    once: "npm:^1.3.0"
    path-is-absolute: "npm:^1.0.0"
  checksum: 10/7d6ec98bc746980d5fe4d764b9c7ada727e3fbd2a7d85cd96dd95fb18638c9c54a70c692fd2ab5d68a186dc8cd9d6a4192d3df220beed891f687db179c430237
  languageName: node
  linkType: hard

"graceful-fs@npm:^4.1.6, graceful-fs@npm:^4.2.0":
  version: 4.2.6
  resolution: "graceful-fs@npm:4.2.6"
  checksum: 10/04e1001c3994b1429136b8cd3123416c6ba423a19ff472a8b57b54c3158c8334b7dcfe9ae0bdad4705ba207697a5983808d18a3d7073a12171a1f3ef6aa8fb1b
  languageName: node
  linkType: hard

"has-flag@npm:^4.0.0":
  version: 4.0.0
  resolution: "has-flag@npm:4.0.0"
  checksum: 10/261a1357037ead75e338156b1f9452c016a37dcd3283a972a30d9e4a87441ba372c8b81f818cd0fbcd9c0354b4ae7e18b9e1afa1971164aef6d18c2b6095a8ad
  languageName: node
  linkType: hard

"iconv-lite@npm:^0.4.24":
  version: 0.4.24
  resolution: "iconv-lite@npm:0.4.24"
  dependencies:
    safer-buffer: "npm:>= 2.1.2 < 3"
  checksum: 10/6d3a2dac6e5d1fb126d25645c25c3a1209f70cceecc68b8ef51ae0da3cdc078c151fade7524a30b12a3094926336831fca09c666ef55b37e2c69638b5d6bd2e3
  languageName: node
  linkType: hard

"ieee754@npm:^1.1.13":
  version: 1.2.1
  resolution: "ieee754@npm:1.2.1"
  checksum: 10/d9f2557a59036f16c282aaeb107832dc957a93d73397d89bbad4eb1130560560eb695060145e8e6b3b498b15ab95510226649a0b8f52ae06583575419fe10fc4
  languageName: node
  linkType: hard

"inflight@npm:^1.0.4":
  version: 1.0.6
  resolution: "inflight@npm:1.0.6"
  dependencies:
    once: "npm:^1.3.0"
    wrappy: "npm:1"
  checksum: 10/d2ebd65441a38c8336c223d1b80b921b9fa737e37ea466fd7e253cb000c64ae1f17fa59e68130ef5bda92cfd8d36b83d37dab0eb0a4558bcfec8e8cdfd2dcb67
  languageName: node
  linkType: hard

"inherits@npm:2, inherits@npm:^2.0.3, inherits@npm:^2.0.4":
  version: 2.0.4
  resolution: "inherits@npm:2.0.4"
  checksum: 10/cd45e923bee15186c07fa4c89db0aace24824c482fb887b528304694b2aa6ff8a898da8657046a5dcf3e46cd6db6c61629551f9215f208d7c3f157cf9b290521
  languageName: node
  linkType: hard

"inquirer@npm:8.2.5":
  version: 8.2.5
  resolution: "inquirer@npm:8.2.5"
  dependencies:
    ansi-escapes: "npm:^4.2.1"
    chalk: "npm:^4.1.1"
    cli-cursor: "npm:^3.1.0"
    cli-width: "npm:^3.0.0"
    external-editor: "npm:^3.0.3"
    figures: "npm:^3.0.0"
    lodash: "npm:^4.17.21"
    mute-stream: "npm:0.0.8"
    ora: "npm:^5.4.1"
    run-async: "npm:^2.4.0"
    rxjs: "npm:^7.5.5"
    string-width: "npm:^4.1.0"
    strip-ansi: "npm:^6.0.0"
    through: "npm:^2.3.6"
    wrap-ansi: "npm:^7.0.0"
  checksum: 10/50a240dfeaca37a14e6a6d11d7d6f7da947be3a9fe1e34ac41db6a49fc27022e7b3875ebe8ccd739497359808694488f3509792cc986f9ac48c43135f4e14172
  languageName: node
  linkType: hard

"is-fullwidth-code-point@npm:^3.0.0":
  version: 3.0.0
  resolution: "is-fullwidth-code-point@npm:3.0.0"
  checksum: 10/44a30c29457c7fb8f00297bce733f0a64cd22eca270f83e58c105e0d015e45c019491a4ab2faef91ab51d4738c670daff901c799f6a700e27f7314029e99e348
  languageName: node
  linkType: hard

"is-interactive@npm:^1.0.0":
  version: 1.0.0
  resolution: "is-interactive@npm:1.0.0"
  checksum: 10/824808776e2d468b2916cdd6c16acacebce060d844c35ca6d82267da692e92c3a16fdba624c50b54a63f38bdc4016055b6f443ce57d7147240de4f8cdabaf6f9
  languageName: node
  linkType: hard

"is-unicode-supported@npm:^0.1.0":
  version: 0.1.0
  resolution: "is-unicode-supported@npm:0.1.0"
  checksum: 10/a2aab86ee7712f5c2f999180daaba5f361bdad1efadc9610ff5b8ab5495b86e4f627839d085c6530363c6d6d4ecbde340fb8e54bdb83da4ba8e0865ed5513c52
  languageName: node
  linkType: hard

"iterare@npm:1.2.1":
  version: 1.2.1
  resolution: "iterare@npm:1.2.1"
  checksum: 10/ee8322dd9d92e86d8653c899df501c58c5b8e90d6767cf2af0b6d6dc5a4b9b7ed8bce936976f4f4c3a55be110a300c8a7d71967d03f72e104e8db66befcfd874
  languageName: node
  linkType: hard

"js-yaml@npm:^3.13.1, js-yaml@npm:^3.14.0":
  version: 3.14.1
  resolution: "js-yaml@npm:3.14.1"
  dependencies:
    argparse: "npm:^1.0.7"
    esprima: "npm:^4.0.0"
  bin:
    js-yaml: bin/js-yaml.js
  checksum: 10/9e22d80b4d0105b9899135365f746d47466ed53ef4223c529b3c0f7a39907743fdbd3c4379f94f1106f02755b5e90b2faaf84801a891135544e1ea475d1a1379
  languageName: node
  linkType: hard

"jsonfile@npm:^6.0.1":
  version: 6.1.0
  resolution: "jsonfile@npm:6.1.0"
  dependencies:
    graceful-fs: "npm:^4.1.6"
    universalify: "npm:^2.0.0"
  dependenciesMeta:
    graceful-fs:
      optional: true
  checksum: 10/03014769e7dc77d4cf05fa0b534907270b60890085dd5e4d60a382ff09328580651da0b8b4cdf44d91e4c8ae64d91791d965f05707beff000ed494a38b6fec85
  languageName: node
  linkType: hard

"locate-path@npm:^5.0.0":
  version: 5.0.0
  resolution: "locate-path@npm:5.0.0"
  dependencies:
    p-locate: "npm:^4.1.0"
  checksum: 10/83e51725e67517287d73e1ded92b28602e3ae5580b301fe54bfb76c0c723e3f285b19252e375712316774cf52006cb236aed5704692c32db0d5d089b69696e30
  languageName: node
  linkType: hard

"lodash.get@npm:^4.4.2":
  version: 4.4.2
  resolution: "lodash.get@npm:4.4.2"
  checksum: 10/2a4925f6e89bc2c010a77a802d1ba357e17ed1ea03c2ddf6a146429f2856a216663e694a6aa3549a318cbbba3fd8b7decb392db457e6ac0b83dc745ed0a17380
  languageName: node
  linkType: hard

"lodash.isequal@npm:^4.5.0":
  version: 4.5.0
  resolution: "lodash.isequal@npm:4.5.0"
  checksum: 10/82fc58a83a1555f8df34ca9a2cd300995ff94018ac12cc47c349655f0ae1d4d92ba346db4c19bbfc90510764e0c00ddcc985a358bdcd4b3b965abf8f2a48a214
  languageName: node
  linkType: hard

"lodash@npm:4.17.21, lodash@npm:^4.17.21":
  version: 4.17.21
  resolution: "lodash@npm:4.17.21"
  checksum: 10/c08619c038846ea6ac754abd6dd29d2568aa705feb69339e836dfa8d8b09abbb2f859371e86863eda41848221f9af43714491467b5b0299122431e202bb0c532
  languageName: node
  linkType: hard

"log-symbols@npm:^4.1.0":
  version: 4.1.0
  resolution: "log-symbols@npm:4.1.0"
  dependencies:
    chalk: "npm:^4.1.0"
    is-unicode-supported: "npm:^0.1.0"
  checksum: 10/fce1497b3135a0198803f9f07464165e9eb83ed02ceb2273930a6f8a508951178d8cf4f0378e9d28300a2ed2bc49050995d2bd5f53ab716bb15ac84d58c6ef74
  languageName: node
  linkType: hard

"mime-db@npm:1.52.0":
  version: 1.52.0
  resolution: "mime-db@npm:1.52.0"
  checksum: 10/54bb60bf39e6f8689f6622784e668a3d7f8bed6b0d886f5c3c446cb3284be28b30bf707ed05d0fe44a036f8469976b2629bbea182684977b084de9da274694d7
  languageName: node
  linkType: hard

"mime-types@npm:^2.1.12":
  version: 2.1.35
  resolution: "mime-types@npm:2.1.35"
  dependencies:
    mime-db: "npm:1.52.0"
  checksum: 10/89aa9651b67644035de2784a6e665fc685d79aba61857e02b9c8758da874a754aed4a9aced9265f5ed1171fd934331e5516b84a7f0218031b6fa0270eca1e51a
  languageName: node
  linkType: hard

"mimic-fn@npm:^2.1.0":
  version: 2.1.0
  resolution: "mimic-fn@npm:2.1.0"
  checksum: 10/d2421a3444848ce7f84bd49115ddacff29c15745db73f54041edc906c14b131a38d05298dae3081667627a59b2eb1ca4b436ff2e1b80f69679522410418b478a
  languageName: node
  linkType: hard

"minimatch@npm:^3.0.4":
  version: 3.1.2
  resolution: "minimatch@npm:3.1.2"
  dependencies:
    brace-expansion: "npm:^1.1.7"
  checksum: 10/e0b25b04cd4ec6732830344e5739b13f8690f8a012d73445a4a19fbc623f5dd481ef7a5827fde25954cd6026fede7574cc54dc4643c99d6c6b653d6203f94634
  languageName: node
  linkType: hard

"mute-stream@npm:0.0.8":
  version: 0.0.8
  resolution: "mute-stream@npm:0.0.8"
  checksum: 10/a2d2e79dde87e3424ffc8c334472c7f3d17b072137734ca46e6f221131f1b014201cc593b69a38062e974fb2394d3d1cb4349f80f012bbf8b8ac1b28033e515f
  languageName: node
  linkType: hard

"node-fetch@npm:^2.6.1":
  version: 2.6.7
  resolution: "node-fetch@npm:2.6.7"
  dependencies:
    whatwg-url: "npm:^5.0.0"
  peerDependencies:
    encoding: ^0.1.0
  peerDependenciesMeta:
    encoding:
      optional: true
  checksum: 10/4bc9245383db92c35601a798c9a992fdf38d99920ceac11e0e6512ef3014d188b3807ccb060bc6c4bdb57a145030c73f5b5fd6730f665979f9264bc43ca3afea
  languageName: node
  linkType: hard

"once@npm:^1.3.0":
  version: 1.4.0
  resolution: "once@npm:1.4.0"
  dependencies:
    wrappy: "npm:1"
  checksum: 10/cd0a88501333edd640d95f0d2700fbde6bff20b3d4d9bdc521bdd31af0656b5706570d6c6afe532045a20bb8dc0849f8332d6f2a416e0ba6d3d3b98806c7db68
  languageName: node
  linkType: hard

"onetime@npm:^5.1.0":
  version: 5.1.2
  resolution: "onetime@npm:5.1.2"
  dependencies:
    mimic-fn: "npm:^2.1.0"
  checksum: 10/e9fd0695a01cf226652f0385bf16b7a24153dbbb2039f764c8ba6d2306a8506b0e4ce570de6ad99c7a6eb49520743afdb66edd95ee979c1a342554ed49a9aadd
  languageName: node
  linkType: hard

"ora@npm:^5.4.1":
  version: 5.4.1
  resolution: "ora@npm:5.4.1"
  dependencies:
    bl: "npm:^4.1.0"
    chalk: "npm:^4.1.0"
    cli-cursor: "npm:^3.1.0"
    cli-spinners: "npm:^2.5.0"
    is-interactive: "npm:^1.0.0"
    is-unicode-supported: "npm:^0.1.0"
    log-symbols: "npm:^4.1.0"
    strip-ansi: "npm:^6.0.0"
    wcwidth: "npm:^1.0.1"
  checksum: 10/8d071828f40090a8e1c6e8f350c6eb065808e9ab2b3e57fa37e0d5ae78cb46dac00117c8f12c3c8b8da2923454afbd8265e08c10b69881170c5b269f451e7fef
  languageName: node
  linkType: hard

"os-tmpdir@npm:~1.0.2":
  version: 1.0.2
  resolution: "os-tmpdir@npm:1.0.2"
  checksum: 10/5666560f7b9f10182548bf7013883265be33620b1c1b4a4d405c25be2636f970c5488ff3e6c48de75b55d02bde037249fe5dbfbb4c0fb7714953d56aed062e6d
  languageName: node
  linkType: hard

"p-limit@npm:^2.2.0":
  version: 2.3.0
  resolution: "p-limit@npm:2.3.0"
  dependencies:
    p-try: "npm:^2.0.0"
  checksum: 10/84ff17f1a38126c3314e91ecfe56aecbf36430940e2873dadaa773ffe072dc23b7af8e46d4b6485d302a11673fe94c6b67ca2cfbb60c989848b02100d0594ac1
  languageName: node
  linkType: hard

"p-locate@npm:^4.1.0":
  version: 4.1.0
  resolution: "p-locate@npm:4.1.0"
  dependencies:
    p-limit: "npm:^2.2.0"
  checksum: 10/513bd14a455f5da4ebfcb819ef706c54adb09097703de6aeaa5d26fe5ea16df92b48d1ac45e01e3944ce1e6aa2a66f7f8894742b8c9d6e276e16cd2049a2b870
  languageName: node
  linkType: hard

"p-try@npm:^2.0.0":
  version: 2.2.0
  resolution: "p-try@npm:2.2.0"
  checksum: 10/f8a8e9a7693659383f06aec604ad5ead237c7a261c18048a6e1b5b85a5f8a067e469aa24f5bc009b991ea3b058a87f5065ef4176793a200d4917349881216cae
  languageName: node
  linkType: hard

"path-exists@npm:^4.0.0":
  version: 4.0.0
  resolution: "path-exists@npm:4.0.0"
  checksum: 10/505807199dfb7c50737b057dd8d351b82c033029ab94cb10a657609e00c1bc53b951cfdbccab8de04c5584d5eff31128ce6afd3db79281874a5ef2adbba55ed1
  languageName: node
  linkType: hard

"path-is-absolute@npm:^1.0.0":
  version: 1.0.1
  resolution: "path-is-absolute@npm:1.0.1"
  checksum: 10/060840f92cf8effa293bcc1bea81281bd7d363731d214cbe5c227df207c34cd727430f70c6037b5159c8a870b9157cba65e775446b0ab06fd5ecc7e54615a3b8
  languageName: node
  linkType: hard

"path-to-regexp@npm:3.2.0":
  version: 3.2.0
  resolution: "path-to-regexp@npm:3.2.0"
  checksum: 10/3c86811e0d69719e20908ed6457b6f51d0d66ffc526e04d259cddea5fd777c7b967adb60907658b7e1a98cb7bf1bbbbad3523337a676c98513fd76a7b513075e
  languageName: node
  linkType: hard

"readable-stream@npm:^3.4.0":
  version: 3.6.0
  resolution: "readable-stream@npm:3.6.0"
  dependencies:
    inherits: "npm:^2.0.3"
    string_decoder: "npm:^1.1.1"
    util-deprecate: "npm:^1.0.1"
  checksum: 10/b80b3e6a7fafb1c79de7db541de357f4a5ee73bd70c21672f5a7c840d27bb27bdb0151e7ba2fd82c4a888df22ce0c501b0d9f3e4dfe51688876701c437d59536
  languageName: node
  linkType: hard

"reflect-metadata@npm:0.1.13":
  version: 0.1.13
  resolution: "reflect-metadata@npm:0.1.13"
  checksum: 10/732570da35d2d96f8fdd5aac60fb263aa92f6512eaded5962b052bd9e90f22a9dec5aaf0d7ff4bfe97646c9530e8444e8435c2d80b24d0bdf938b5d47f6f5b83
  languageName: node
  linkType: hard

"require-directory@npm:^2.1.1":
  version: 2.1.1
  resolution: "require-directory@npm:2.1.1"
  checksum: 10/a72468e2589270d91f06c7d36ec97a88db53ae5d6fe3787fadc943f0b0276b10347f89b363b2a82285f650bdcc135ad4a257c61bdd4d00d6df1fa24875b0ddaf
  languageName: node
  linkType: hard

"require-main-filename@npm:^2.0.0":
  version: 2.0.0
  resolution: "require-main-filename@npm:2.0.0"
  checksum: 10/8604a570c06a69c9d939275becc33a65676529e1c3e5a9f42d58471674df79357872b96d70bb93a0380a62d60dc9031c98b1a9dad98c946ffdd61b7ac0c8cedd
  languageName: node
  linkType: hard

"restore-cursor@npm:^3.1.0":
  version: 3.1.0
  resolution: "restore-cursor@npm:3.1.0"
  dependencies:
    onetime: "npm:^5.1.0"
    signal-exit: "npm:^3.0.2"
  checksum: 10/f877dd8741796b909f2a82454ec111afb84eb45890eb49ac947d87991379406b3b83ff9673a46012fca0d7844bb989f45cc5b788254cf1a39b6b5a9659de0630
  languageName: node
  linkType: hard

"root-workspace-0b6124@workspace:.":
  version: 0.0.0-use.local
  resolution: "root-workspace-0b6124@workspace:."
  dependencies:
    "@apidevtools/swagger-cli": "npm:^4.0.4"
    "@openapitools/openapi-generator-cli": "npm:^2.7.0"
  languageName: unknown
  linkType: soft

"run-async@npm:^2.4.0":
  version: 2.4.1
  resolution: "run-async@npm:2.4.1"
  checksum: 10/c79551224dafa26ecc281cb1efad3510c82c79116aaf681f8a931ce70fdf4ca880d58f97d3b930a38992c7aad7955a08e065b32ec194e1dd49d7790c874ece50
  languageName: node
  linkType: hard

"rxjs@npm:7.8.0":
  version: 7.8.0
  resolution: "rxjs@npm:7.8.0"
  dependencies:
    tslib: "npm:^2.1.0"
  checksum: 10/ff9359cc7875edecc8fc487481366b876b488901178cca8f2bdad03e00d2b5a19b01d2b02d3b4ebd47e574264db8460c6c2386076c3189b359b5e8c70a6e51e3
  languageName: node
  linkType: hard

"rxjs@npm:^6.6.3":
  version: 6.6.7
  resolution: "rxjs@npm:6.6.7"
  dependencies:
    tslib: "npm:^1.9.0"
  checksum: 10/c8263ebb20da80dd7a91c452b9e96a178331f402344bbb40bc772b56340fcd48d13d1f545a1e3d8e464893008c5e306cc42a1552afe0d562b1a6d4e1e6262b03
  languageName: node
  linkType: hard

"rxjs@npm:^7.5.5":
  version: 7.5.5
  resolution: "rxjs@npm:7.5.5"
  dependencies:
    tslib: "npm:^2.1.0"
  checksum: 10/9c8af134bc557b0c51aff8fd4d8190cbbb1f3ca4602f46cdded04a0d68bb2581e61ae2fbf583aea4f99ee66dac6cf6c4b31856022a9b929f37c521c048f48465
  languageName: node
  linkType: hard

"safe-buffer@npm:~5.2.0":
  version: 5.2.1
  resolution: "safe-buffer@npm:5.2.1"
  checksum: 10/32872cd0ff68a3ddade7a7617b8f4c2ae8764d8b7d884c651b74457967a9e0e886267d3ecc781220629c44a865167b61c375d2da6c720c840ecd73f45d5d9451
  languageName: node
  linkType: hard

"safer-buffer@npm:>= 2.1.2 < 3":
  version: 2.1.2
  resolution: "safer-buffer@npm:2.1.2"
  checksum: 10/7eaf7a0cf37cc27b42fb3ef6a9b1df6e93a1c6d98c6c6702b02fe262d5fcbd89db63320793b99b21cb5348097d0a53de81bd5f4e8b86e20cc9412e3f1cfb4e83
  languageName: node
  linkType: hard

"set-blocking@npm:^2.0.0":
  version: 2.0.0
  resolution: "set-blocking@npm:2.0.0"
  checksum: 10/8980ebf7ae9eb945bb036b6e283c547ee783a1ad557a82babf758a065e2fb6ea337fd82cac30dd565c1e606e423f30024a19fff7afbf4977d784720c4026a8ef
  languageName: node
  linkType: hard

"signal-exit@npm:^3.0.2":
  version: 3.0.3
  resolution: "signal-exit@npm:3.0.3"
  checksum: 10/f0169d3f1263d06df32ca072b0bf33b34c6f8f0341a7a1621558a2444dfbe8f5fec76b35537fcc6f0bc4944bdb5336fe0bdcf41a5422c4e45a1dba3f45475e6c
  languageName: node
  linkType: hard

"spawn-command@npm:^0.0.2-1":
  version: 0.0.2-1
  resolution: "spawn-command@npm:0.0.2-1"
  checksum: 10/f59fd2f16c8ffe46afda588134697ba4f1e2032b216baf7c134a66a0b3d48df323ee46c367f273eb7f7bb8c68b8296ca6b49aac6530cedb4b6785302d238c411
  languageName: node
  linkType: hard

"sprintf-js@npm:~1.0.2":
  version: 1.0.3
  resolution: "sprintf-js@npm:1.0.3"
  checksum: 10/c34828732ab8509c2741e5fd1af6b767c3daf2c642f267788f933a65b1614943c282e74c4284f4fa749c264b18ee016a0d37a3e5b73aee446da46277d3a85daa
  languageName: node
  linkType: hard

"string-width@npm:^4.1.0, string-width@npm:^4.2.0":
  version: 4.2.2
  resolution: "string-width@npm:4.2.2"
  dependencies:
    emoji-regex: "npm:^8.0.0"
    is-fullwidth-code-point: "npm:^3.0.0"
    strip-ansi: "npm:^6.0.0"
  checksum: 10/343e089b0e66e0f72aab4ad1d9b6f2c9cc5255844b0c83fd9b53f2a3b3fd0421bdd6cb05be96a73117eb012db0887a6c1d64ca95aaa50c518e48980483fea0ab
  languageName: node
  linkType: hard

"string_decoder@npm:^1.1.1":
  version: 1.3.0
  resolution: "string_decoder@npm:1.3.0"
  dependencies:
    safe-buffer: "npm:~5.2.0"
  checksum: 10/54d23f4a6acae0e93f999a585e673be9e561b65cd4cca37714af1e893ab8cd8dfa52a9e4f58f48f87b4a44918d3a9254326cb80ed194bf2e4c226e2b21767e56
  languageName: node
  linkType: hard

"strip-ansi@npm:^6.0.0":
  version: 6.0.0
  resolution: "strip-ansi@npm:6.0.0"
  dependencies:
    ansi-regex: "npm:^5.0.0"
  checksum: 10/fb33042c065e35dd33f82daf780252c855c520250bf2cc9257718e2868efbfd93f0712e0efc5e90750a0f806ad73971c1ac67785b532563df18aad4fddfde74d
  languageName: node
  linkType: hard

"supports-color@npm:^7.1.0":
  version: 7.2.0
  resolution: "supports-color@npm:7.2.0"
  dependencies:
    has-flag: "npm:^4.0.0"
  checksum: 10/c8bb7afd564e3b26b50ca6ee47572c217526a1389fe018d00345856d4a9b08ffbd61fadaf283a87368d94c3dcdb8f5ffe2650a5a65863e21ad2730ca0f05210a
  languageName: node
  linkType: hard

"supports-color@npm:^8.1.0":
  version: 8.1.1
  resolution: "supports-color@npm:8.1.1"
  dependencies:
    has-flag: "npm:^4.0.0"
  checksum: 10/157b534df88e39c5518c5e78c35580c1eca848d7dbaf31bbe06cdfc048e22c7ff1a9d046ae17b25691128f631a51d9ec373c1b740c12ae4f0de6e292037e4282
  languageName: node
  linkType: hard

"through@npm:^2.3.6":
  version: 2.3.8
  resolution: "through@npm:2.3.8"
  checksum: 10/5da78346f70139a7d213b65a0106f3c398d6bc5301f9248b5275f420abc2c4b1e77c2abc72d218dedc28c41efb2e7c312cb76a7730d04f9c2d37d247da3f4198
  languageName: node
  linkType: hard

"tmp@npm:^0.0.33":
  version: 0.0.33
  resolution: "tmp@npm:0.0.33"
  dependencies:
    os-tmpdir: "npm:~1.0.2"
  checksum: 10/09c0abfd165cff29b32be42bc35e80b8c64727d97dedde6550022e88fa9fd39a084660415ed8e3ebaa2aca1ee142f86df8b31d4196d4f81c774a3a20fd4b6abf
  languageName: node
  linkType: hard

"tr46@npm:~0.0.3":
  version: 0.0.3
  resolution: "tr46@npm:0.0.3"
  checksum: 10/8f1f5aa6cb232f9e1bdc86f485f916b7aa38caee8a778b378ffec0b70d9307873f253f5cbadbe2955ece2ac5c83d0dc14a77513166ccd0a0c7fe197e21396695
  languageName: node
  linkType: hard

"tree-kill@npm:^1.2.2":
  version: 1.2.2
  resolution: "tree-kill@npm:1.2.2"
  bin:
    tree-kill: cli.js
  checksum: 10/49117f5f410d19c84b0464d29afb9642c863bc5ba40fcb9a245d474c6d5cc64d1b177a6e6713129eb346b40aebb9d4631d967517f9fbe8251c35b21b13cd96c7
  languageName: node
  linkType: hard

"tslib@npm:2.0.3":
  version: 2.0.3
  resolution: "tslib@npm:2.0.3"
  checksum: 10/5f57eb3c6d01ebde567020539dd2282455bce24b5066228d3ca7bb5a5511b2d7c754225d6b2a0ea3c128cf6cd467469b581f946de834ccd0e042fa29279551f6
  languageName: node
  linkType: hard

"tslib@npm:2.5.0":
  version: 2.5.0
  resolution: "tslib@npm:2.5.0"
  checksum: 10/ea556fbdf396fe15dbd45e242754e86e7c36e0dce8644404a7c8a81ae1e940744dc639569aeca1ae370a7f804d82872f3fd8564eb23be9adb7618201d0314dac
  languageName: node
  linkType: hard

"tslib@npm:^1.9.0":
  version: 1.14.1
  resolution: "tslib@npm:1.14.1"
  checksum: 10/7dbf34e6f55c6492637adb81b555af5e3b4f9cc6b998fb440dac82d3b42bdc91560a35a5fb75e20e24a076c651438234da6743d139e4feabf0783f3cdfe1dddb
  languageName: node
  linkType: hard

"tslib@npm:^2.1.0":
  version: 2.3.1
  resolution: "tslib@npm:2.3.1"
  checksum: 10/5e7de59ed9f2b705b399bda28326b7c3e7526deb48bbe1716e2e17fbd4cecbb610253d09c7b8fd0a6e76cfed9304e2e608cdb81bb1ee812d69e5089d1a94c71a
  languageName: node
  linkType: hard

"type-fest@npm:^0.11.0":
  version: 0.11.0
  resolution: "type-fest@npm:0.11.0"
  checksum: 10/2d60de8588b876719396abdce0fcf282a0b6290259300f6334f655e99229398ea165e6cabd118961201da8ce4b87d7f50fd5628fb466c346fdc00f68f3548fec
  languageName: node
  linkType: hard

"uid@npm:2.0.1":
  version: 2.0.1
  resolution: "uid@npm:2.0.1"
  dependencies:
    "@lukeed/csprng": "npm:^1.0.0"
  checksum: 10/47857c7409ffa56f89baa44fce8f81a4f5668128e755d44709e42b13b8b7f632eac308388c3c0f2114e090470f31dd1f45586fe63ca7b37ab2273196b66c2421
  languageName: node
  linkType: hard

"universalify@npm:^2.0.0":
  version: 2.0.0
  resolution: "universalify@npm:2.0.0"
  checksum: 10/2406a4edf4a8830aa6813278bab1f953a8e40f2f63a37873ffa9a3bc8f9745d06cc8e88f3572cb899b7e509013f7f6fcc3e37e8a6d914167a5381d8440518c44
  languageName: node
  linkType: hard

"util-deprecate@npm:^1.0.1":
  version: 1.0.2
  resolution: "util-deprecate@npm:1.0.2"
  checksum: 10/474acf1146cb2701fe3b074892217553dfcf9a031280919ba1b8d651a068c9b15d863b7303cb15bd00a862b498e6cf4ad7b4a08fb134edd5a6f7641681cb54a2
  languageName: node
  linkType: hard

"validator@npm:13.7.0":
  version: 13.7.0
  resolution: "validator@npm:13.7.0"
  checksum: 10/c317ec88358a170d9fe3fa47e7f5367b37f41791a5460227aaaa11580c3c9bd27f16b8e0ce47d558e2d7ab318d7ad4d3980f05e2509f0fdc9f89b2e2ae860150
  languageName: node
  linkType: hard

"wcwidth@npm:>=1.0.1, wcwidth@npm:^1.0.1":
  version: 1.0.1
  resolution: "wcwidth@npm:1.0.1"
  dependencies:
    defaults: "npm:^1.0.3"
  checksum: 10/182ebac8ca0b96845fae6ef44afd4619df6987fe5cf552fdee8396d3daa1fb9b8ec5c6c69855acb7b3c1231571393bd1f0a4cdc4028d421575348f64bb0a8817
  languageName: node
  linkType: hard

"webidl-conversions@npm:^3.0.0":
  version: 3.0.1
  resolution: "webidl-conversions@npm:3.0.1"
  checksum: 10/b65b9f8d6854572a84a5c69615152b63371395f0c5dcd6729c45789052296df54314db2bc3e977df41705eacb8bc79c247cee139a63fa695192f95816ed528ad
  languageName: node
  linkType: hard

"whatwg-url@npm:^5.0.0":
  version: 5.0.0
  resolution: "whatwg-url@npm:5.0.0"
  dependencies:
    tr46: "npm:~0.0.3"
    webidl-conversions: "npm:^3.0.0"
  checksum: 10/f95adbc1e80820828b45cc671d97da7cd5e4ef9deb426c31bcd5ab00dc7103042291613b3ef3caec0a2335ed09e0d5ed026c940755dbb6d404e2b27f940fdf07
  languageName: node
  linkType: hard

"which-module@npm:^2.0.0":
  version: 2.0.0
  resolution: "which-module@npm:2.0.0"
  checksum: 10/e3e46c9c84475bff773b9e5bbf48ffa1749bc45669c56ffc874ae4a520627a259e10f16ca67c1a1338edce7a002af86c40a036dcb13ad45c18246939997fa006
  languageName: node
  linkType: hard

"wrap-ansi@npm:^6.2.0":
  version: 6.2.0
  resolution: "wrap-ansi@npm:6.2.0"
  dependencies:
    ansi-styles: "npm:^4.0.0"
    string-width: "npm:^4.1.0"
    strip-ansi: "npm:^6.0.0"
  checksum: 10/0d64f2d438e0b555e693b95aee7b2689a12c3be5ac458192a1ce28f542a6e9e59ddfecc37520910c2c88eb1f82a5411260566dba5064e8f9895e76e169e76187
  languageName: node
  linkType: hard

"wrap-ansi@npm:^7.0.0":
  version: 7.0.0
  resolution: "wrap-ansi@npm:7.0.0"
  dependencies:
    ansi-styles: "npm:^4.0.0"
    string-width: "npm:^4.1.0"
    strip-ansi: "npm:^6.0.0"
  checksum: 10/cebdaeca3a6880da410f75209e68cd05428580de5ad24535f22696d7d9cab134d1f8498599f344c3cf0fb37c1715807a183778d8c648d6cc0cb5ff2bb4236540
  languageName: node
  linkType: hard

"wrappy@npm:1":
  version: 1.0.2
  resolution: "wrappy@npm:1.0.2"
  checksum: 10/159da4805f7e84a3d003d8841557196034155008f817172d4e986bd591f74aa82aa7db55929a54222309e01079a65a92a9e6414da5a6aa4b01ee44a511ac3ee5
  languageName: node
  linkType: hard

"y18n@npm:^4.0.0":
  version: 4.0.1
  resolution: "y18n@npm:4.0.1"
  checksum: 10/603c8761aa8fe8328cc217e27189054b3c46ffdb07de48b7ace4344782d89238660220015a9aa06d0f9f3ded9ff4e3246d7487f6b0b2781748848d0953759c90
  languageName: node
  linkType: hard

"y18n@npm:^5.0.5":
  version: 5.0.5
  resolution: "y18n@npm:5.0.5"
  checksum: 10/aa5307f9fe60030928c9f5401b0352009030a05404aae78bfa1d943661cca147a6ff3702466241da7a8d82eb15e952343c501db239854b57f3f28e73999196de
  languageName: node
  linkType: hard

"yargs-parser@npm:^18.1.2":
  version: 18.1.3
  resolution: "yargs-parser@npm:18.1.3"
  dependencies:
    camelcase: "npm:^5.0.0"
    decamelize: "npm:^1.2.0"
  checksum: 10/235bcbad5b7ca13e5abc54df61d42f230857c6f83223a38e4ed7b824681875b7f8b6ed52139d88a3ad007050f28dc0324b3c805deac7db22ae3b4815dae0e1bf
  languageName: node
  linkType: hard

"yargs-parser@npm:^20.2.2":
  version: 20.2.6
  resolution: "yargs-parser@npm:20.2.6"
  checksum: 10/a24173fec5408c1a4bbbab10f7f49ada7a30231874835d6948af2647c7241626753b9ab26d8c7d6a8f5497b8122b31a324e7ceee9a1ccbdbaf1c880e042d2c30
  languageName: node
  linkType: hard

"yargs@npm:^15.4.1":
  version: 15.4.1
  resolution: "yargs@npm:15.4.1"
  dependencies:
    cliui: "npm:^6.0.0"
    decamelize: "npm:^1.2.0"
    find-up: "npm:^4.1.0"
    get-caller-file: "npm:^2.0.1"
    require-directory: "npm:^2.1.1"
    require-main-filename: "npm:^2.0.0"
    set-blocking: "npm:^2.0.0"
    string-width: "npm:^4.2.0"
    which-module: "npm:^2.0.0"
    y18n: "npm:^4.0.0"
    yargs-parser: "npm:^18.1.2"
  checksum: 10/bbcc82222996c0982905b668644ca363eebe6ffd6a572fbb52f0c0e8146661d8ce5af2a7df546968779bb03d1e4186f3ad3d55dfaadd1c4f0d5187c0e3a5ba16
  languageName: node
  linkType: hard

"yargs@npm:^16.2.0":
  version: 16.2.0
  resolution: "yargs@npm:16.2.0"
  dependencies:
    cliui: "npm:^7.0.2"
    escalade: "npm:^3.1.1"
    get-caller-file: "npm:^2.0.5"
    require-directory: "npm:^2.1.1"
    string-width: "npm:^4.2.0"
    y18n: "npm:^5.0.5"
    yargs-parser: "npm:^20.2.2"
  checksum: 10/807fa21211d2117135d557f95fcd3c3d390530cda2eca0c840f1d95f0f40209dcfeb5ec18c785a1f3425896e623e3b2681e8bb7b6600060eda1c3f4804e7957e
  languageName: node
  linkType: hard

"z-schema@npm:^4.2.3":
  version: 4.2.3
  resolution: "z-schema@npm:4.2.3"
  dependencies:
    commander: "npm:^2.7.1"
    lodash.get: "npm:^4.4.2"
    lodash.isequal: "npm:^4.5.0"
    validator: "npm:^12.0.0"
  dependenciesMeta:
    commander:
      optional: true
  bin:
    z-schema: ./bin/z-schema
  checksum: 10/2d7e3dc822cd7ba0d671c97c6023a54e6d15377dcd6c10d508dfac951887cf74568be9a95ae708437dca604cb15acea8a148640cda543c402f4aa1510df11084
  languageName: node
  linkType: hard
